
Microsoft Visual Studio Solution File, Format Version 12.00
# Visual Studio Version 16
VisualStudioVersion = 16.0.29209.62
MinimumVisualStudioVersion = 10.0.40219.1
Project("{FAE04EC0-301F-11D3-BF4B-00C04F79EFBC}") = "CSG", "CSG\CSG.csproj", "{0362A91B-3684-40A4-8FE5-7866A06ACEA2}"
EndProject
Global
	GlobalSection(SolutionConfigurationPlatforms) = preSolution
		Debug|Any CPU = Debug|Any CPU
		Release|Any CPU = Release|Any CPU
	EndGlobalSection
	GlobalSection(ProjectConfigurationPlatforms) = postSolution
		{0362A91B-3684-40A4-8FE5-7866A06ACEA2}.Debug|Any CPU.ActiveCfg = Debug|Any CPU
		{0362A91B-3684-40A4-8FE5-7866A06ACEA2}.Debug|Any CPU.Build.0 = Debug|Any CPU
		{0362A91B-3684-40A4-8FE5-7866A06ACEA2}.Release|Any CPU.ActiveCfg = Release|Any CPU
		{0362A91B-3684-40A4-8FE5-7866A06ACEA2}.Release|Any CPU.Build.0 = Release|Any CPU
	EndGlobalSection
	GlobalSection(SolutionProperties) = preSolution
		HideSolutionNode = FALSE
	EndGlobalSection
	GlobalSection(ExtensibilityGlobals) = postSolution
		SolutionGuid = {2C4691EA-C8B2-4BE8-B1D8-EE99F6894870}
	EndGlobalSection
EndGlobal
